
Microsoft Visual Studio Solution File, Format Version 12.00
# Visual Studio Version 16
VisualStudioVersion = 16.0.30804.86
MinimumVisualStudioVersion = 10.0.40219.1
Project("{9A19103F-16F7-4668-BE54-9A1E7A4F7556}") = "ByteBank.Portal", "ByteBank.Portal\ByteBank.Portal.csproj", "{FF8B7BC8-F77D-4DC4-ABC8-EE1153E82EFB}"
EndProject
Project("{9A19103F-16F7-4668-BE54-9A1E7A4F7556}") = "ByteBank.Services", "ByteBank.Services\ByteBank.Services.csproj", "{32905AE6-E57D-4AC7-A604-61BE173A6915}"
EndProject
Project("{9A19103F-16F7-4668-BE54-9A1E7A4F7556}") = "ByteBank.Infra", "ByteBank.Infra\ByteBank.Infra.csproj", "{1C426FCE-E58E-4EF0-BEFF-94CC27B9060A}"
EndProject
Project("{FAE04EC0-301F-11D3-BF4B-00C04F79EFBC}") = "ByteBank.Application", "ByteBank.Application\ByteBank.Application.csproj", "{AB251B56-1147-4EFF-A96E-7E38F300B266}"
EndProject
Global
	GlobalSection(SolutionConfigurationPlatforms) = preSolution
		Debug|Any CPU = Debug|Any CPU
		Release|Any CPU = Release|Any CPU
	EndGlobalSection
	GlobalSection(ProjectConfigurationPlatforms) = postSolution
		{FF8B7BC8-F77D-4DC4-ABC8-EE1153E82EFB}.Debug|Any CPU.ActiveCfg = Debug|Any CPU
		{FF8B7BC8-F77D-4DC4-ABC8-EE1153E82EFB}.Debug|Any CPU.Build.0 = Debug|Any CPU
		{FF8B7BC8-F77D-4DC4-ABC8-EE1153E82EFB}.Release|Any CPU.ActiveCfg = Release|Any CPU
		{FF8B7BC8-F77D-4DC4-ABC8-EE1153E82EFB}.Release|Any CPU.Build.0 = Release|Any CPU
		{32905AE6-E57D-4AC7-A604-61BE173A6915}.Debug|Any CPU.ActiveCfg = Debug|Any CPU
		{32905AE6-E57D-4AC7-A604-61BE173A6915}.Debug|Any CPU.Build.0 = Debug|Any CPU
		{32905AE6-E57D-4AC7-A604-61BE173A6915}.Release|Any CPU.ActiveCfg = Release|Any CPU
		{32905AE6-E57D-4AC7-A604-61BE173A6915}.Release|Any CPU.Build.0 = Release|Any CPU
		{1C426FCE-E58E-4EF0-BEFF-94CC27B9060A}.Debug|Any CPU.ActiveCfg = Debug|Any CPU
		{1C426FCE-E58E-4EF0-BEFF-94CC27B9060A}.Debug|Any CPU.Build.0 = Debug|Any CPU
		{1C426FCE-E58E-4EF0-BEFF-94CC27B9060A}.Release|Any CPU.ActiveCfg = Release|Any CPU
		{1C426FCE-E58E-4EF0-BEFF-94CC27B9060A}.Release|Any CPU.Build.0 = Release|Any CPU
		{AB251B56-1147-4EFF-A96E-7E38F300B266}.Debug|Any CPU.ActiveCfg = Debug|Any CPU
		{AB251B56-1147-4EFF-A96E-7E38F300B266}.Debug|Any CPU.Build.0 = Debug|Any CPU
		{AB251B56-1147-4EFF-A96E-7E38F300B266}.Release|Any CPU.ActiveCfg = Release|Any CPU
		{AB251B56-1147-4EFF-A96E-7E38F300B266}.Release|Any CPU.Build.0 = Release|Any CPU
	EndGlobalSection
	GlobalSection(SolutionProperties) = preSolution
		HideSolutionNode = FALSE
	EndGlobalSection
	GlobalSection(ExtensibilityGlobals) = postSolution
		SolutionGuid = {6557BF92-564D-4DF3-9E3D-A98207D626A3}
	EndGlobalSection
EndGlobal
